
Microsoft Visual Studio Solution File, Format Version 12.00
# Visual Studio 15
VisualStudioVersion = 15.0.27004.2005
MinimumVisualStudioVersion = 10.0.40219.1
Project("{FAE04EC0-301F-11D3-BF4B-00C04F79EFBC}") = "BookDemo", "BookDemo\BookDemo.csproj", "{B55FF72F-30CB-472C-A398-C79FCCB2C20A}"
EndProject
Global
	GlobalSection(SolutionConfigurationPlatforms) = preSolution
		Debug|Any CPU = Debug|Any CPU
		Release|Any CPU = Release|Any CPU
	EndGlobalSection
	GlobalSection(ProjectConfigurationPlatforms) = postSolution
		{B55FF72F-30CB-472C-A398-C79FCCB2C20A}.Debug|Any CPU.ActiveCfg = Debug|Any CPU
		{B55FF72F-30CB-472C-A398-C79FCCB2C20A}.Debug|Any CPU.Build.0 = Debug|Any CPU
		{B55FF72F-30CB-472C-A398-C79FCCB2C20A}.Release|Any CPU.ActiveCfg = Release|Any CPU
		{B55FF72F-30CB-472C-A398-C79FCCB2C20A}.Release|Any CPU.Build.0 = Release|Any CPU
	EndGlobalSection
	GlobalSection(SolutionProperties) = preSolution
		HideSolutionNode = FALSE
	EndGlobalSection
	GlobalSection(ExtensibilityGlobals) = postSolution
		SolutionGuid = {215A3959-5638-4C45-A857-9656DD8CA70C}
	EndGlobalSection
EndGlobal
